<?xml version="1.0" encoding="utf-8"?>
<Project ToolsVersion="4.0" xmlns="http://schemas.microsoft.com/developer/msbuild/2003">
  <ItemGroup>
    <Filter Include="Source Files">
      <UniqueIdentifier>{4FC737F1-C7A5-4376-A066-2A32D752A2FF}</UniqueIdentifier>
      <Extensions>cpp;c;cc;cxx;c++;cppm;ixx;def;odl;idl;hpj;bat;asm;asmx</Extensions>
    </Filter>
    <Filter Include="Header Files">
      <UniqueIdentifier>{93995380-89BD-4b04-88EB-625FBE52EBFB}</UniqueIdentifier>
      <Extensions>h;hh;hpp;hxx;h++;hm;inl;inc;ipp;xsd</Extensions>
    </Filter>
    <Filter Include="Resource Files">
      <UniqueIdentifier>{67DA6AB6-F800-4c08-8B7A-83BB121AAD01}</UniqueIdentifier>
      <Extensions>rc;ico;cur;bmp;dlg;rc2;rct;bin;rgs;gif;jpg;jpeg;jpe;resx;tiff;tif;png;wav;mfcribbon-ms</Extensions>
    </Filter>
  </ItemGroup>
  <ItemGroup>
    <ClCompile Include="Main.cpp">
      <Filter>Source Files</Filter>
    </ClCompile>
    <ClCompile Include="Scripts\Components\FrameComponents\FrameSwticher.cpp">
      <Filter>Source Files</Filter>
    </ClCompile>
    <ClCompile Include="Scripts\Components\AComponent.cpp">
      <Filter>Source Files</Filter>
    </ClCompile>
    <ClCompile Include="Scripts\Components\AirplaneSupportMovement.cpp">
      <Filter>Source Files</Filter>
    </ClCompile>
    <ClCompile Include="Scripts\Components\BGMovement.cpp">
      <Filter>Source Files</Filter>
    </ClCompile>
    <ClCompile Include="Scripts\Components\Collider.cpp">
      <Filter>Source Files</Filter>
    </ClCompile>
    <ClCompile Include="Scripts\Components\EnemyBehaviour.cpp">
      <Filter>Source Files</Filter>
    </ClCompile>
    <ClCompile Include="Scripts\Components\EnemySwarmHandler.cpp">
      <Filter>Source Files</Filter>
    </ClCompile>
    <ClCompile Include="Scripts\Components\PlayerMovement.cpp">
      <Filter>Source Files</Filter>
    </ClCompile>
    <ClCompile Include="Scripts\Components\ProjectileMovement.cpp">
      <Filter>Source Files</Filter>
    </ClCompile>
    <ClCompile Include="Scripts\GameObjects\Frames\SpriteFrame.cpp">
      <Filter>Source Files</Filter>
    </ClCompile>
    <ClCompile Include="Scripts\GameObjects\Poolables\EnemyAirplane.cpp">
      <Filter>Source Files</Filter>
    </ClCompile>
    <ClCompile Include="Scripts\GameObjects\Poolables\GameObjectPool.cpp">
      <Filter>Source Files</Filter>
    </ClCompile>
    <ClCompile Include="Scripts\GameObjects\Poolables\ProjectileObject.cpp">
      <Filter>Source Files</Filter>
    </ClCompile>
    <ClCompile Include="Scripts\GameObjects\Scenes\AScene.cpp">
      <Filter>Source Files</Filter>
    </ClCompile>
    <ClCompile Include="Scripts\GameObjects\Scenes\GameScene.cpp">
      <Filter>Source Files</Filter>
    </ClCompile>
    <ClCompile Include="Scripts\GameObjects\Scenes\MainMenuScene.cpp">
      <Filter>Source Files</Filter>
    </ClCompile>
    <ClCompile Include="Scripts\GameObjects\Scenes\SpriteScene.cpp">
      <Filter>Source Files</Filter>
    </ClCompile>
    <ClCompile Include="Scripts\GameObjects\UI\GameScreen.cpp">
      <Filter>Source Files</Filter>
    </ClCompile>
    <ClCompile Include="Scripts\GameObjects\UI\MainMenuScreen.cpp">
      <Filter>Source Files</Filter>
    </ClCompile>
    <ClCompile Include="Scripts\GameObjects\UI\MenuBar.cpp">
      <Filter>Source Files</Filter>
    </ClCompile>
    <ClCompile Include="Scripts\GameObjects\UI\QuitScreen.cpp">
      <Filter>Source Files</Filter>
    </ClCompile>
    <ClCompile Include="Scripts\GameObjects\UI\ReturnScreen.cpp">
      <Filter>Source Files</Filter>
    </ClCompile>
    <ClCompile Include="Scripts\GameObjects\UI\UIButton.cpp">
      <Filter>Source Files</Filter>
    </ClCompile>
    <ClCompile Include="Scripts\GameObjects\UI\UIText.cpp">
      <Filter>Source Files</Filter>
    </ClCompile>
    <ClCompile Include="Scripts\GameObjects\AGameObject.cpp">
      <Filter>Source Files</Filter>
    </ClCompile>
    <ClCompile Include="Scripts\GameObjects\AirplanePlayer.cpp">
      <Filter>Source Files</Filter>
    </ClCompile>
    <ClCompile Include="Scripts\GameObjects\AirplaneSupport.cpp">
      <Filter>Source Files</Filter>
    </ClCompile>
    <ClCompile Include="Scripts\GameObjects\APoolable.cpp">
      <Filter>Source Files</Filter>
    </ClCompile>
    <ClCompile Include="Scripts\GameObjects\BGameObject.cpp">
      <Filter>Source Files</Filter>
    </ClCompile>
    <ClCompile Include="Scripts\GameObjects\EGameObject.cpp">
      <Filter>Source Files</Filter>
    </ClCompile>
    <ClCompile Include="Scripts\GameObjects\Entity.cpp">
      <Filter>Source Files</Filter>
    </ClCompile>
    <ClCompile Include="Scripts\GameObjects\Playlist.cpp">
      <Filter>Source Files</Filter>
    </ClCompile>
    <ClCompile Include="Scripts\GameObjects\Text.cpp">
      <Filter>Source Files</Filter>
    </ClCompile>
    <ClCompile Include="Scripts\Inputs\BGInput.cpp">
      <Filter>Source Files</Filter>
    </ClCompile>
    <ClCompile Include="Scripts\Inputs\FrameInput.cpp">
      <Filter>Source Files</Filter>
    </ClCompile>
    <ClCompile Include="Scripts\Inputs\GenericInput.cpp">
      <Filter>Source Files</Filter>
    </ClCompile>
    <ClCompile Include="Scripts\Inputs\PlayerInput.cpp">
      <Filter>Source Files</Filter>
    </ClCompile>
    <ClCompile Include="Scripts\Inputs\UIButtonInput.cpp">
      <Filter>Source Files</Filter>
    </ClCompile>
    <ClCompile Include="Scripts\Managers\ApplicationManager.cpp">
      <Filter>Source Files</Filter>
    </ClCompile>
    <ClCompile Include="Scripts\Managers\FontManager.cpp">
      <Filter>Source Files</Filter>
    </ClCompile>
    <ClCompile Include="Scripts\Managers\GameObjectManager.cpp">
      <Filter>Source Files</Filter>
    </ClCompile>
    <ClCompile Include="Scripts\Managers\ObjectPoolHolder.cpp">
      <Filter>Source Files</Filter>
    </ClCompile>
    <ClCompile Include="Scripts\Managers\PhysicsManager.cpp">
      <Filter>Source Files</Filter>
    </ClCompile>
    <ClCompile Include="Scripts\Managers\SceneManager.cpp">
      <Filter>Source Files</Filter>
    </ClCompile>
    <ClCompile Include="Scripts\Managers\SFXManager.cpp">
      <Filter>Source Files</Filter>
    </ClCompile>
    <ClCompile Include="Scripts\Managers\TextureManager.cpp">
      <Filter>Source Files</Filter>
    </ClCompile>
    <ClCompile Include="Scripts\Renderer\Renderer.cpp">
      <Filter>Source Files</Filter>
    </ClCompile>
    <ClCompile Include="Scripts\Game.cpp">
      <Filter>Source Files</Filter>
    </ClCompile>
    <ClCompile Include="Scripts\GameObjects\Player.cpp">
      <Filter>Source Files</Filter>
    </ClCompile>
    <ClCompile Include="Scripts\GameObjects\Scenes\JScene.cpp">
      <Filter>Source Files</Filter>
    </ClCompile>
    <ClCompile Include="Scripts\Inputs\MCOPlayerInput.cpp">
      <Filter>Source Files</Filter>
    </ClCompile>
    <ClCompile Include="Scripts\Components\MCOPlayerMovement.cpp">
      <Filter>Source Files</Filter>
    </ClCompile>
    <ClCompile Include="Scripts\GameObjects\Poolables\Ladder.cpp">
      <Filter>Source Files</Filter>
    </ClCompile>
    <ClCompile Include="Scripts\Components\LadderHandler.cpp">
      <Filter>Source Files</Filter>
    </ClCompile>
    <ClCompile Include="Scripts\GameObjects\Poolables\Hammer.cpp">
      <Filter>Source Files</Filter>
    </ClCompile>
    <ClCompile Include="Scripts\Components\HammerHandler.cpp">
      <Filter>Source Files</Filter>
    </ClCompile>
    <ClCompile Include="Scripts\Components\Source.cpp">
      <Filter>Source Files</Filter>
    </ClCompile>
    <ClCompile Include="Scripts\Components\FrameComponents\WalkBehaviour.cpp">
      <Filter>Source Files</Filter>
    </ClCompile>
    <ClCompile Include="Scripts\Components\FrameComponents\LadderBehaviour.cpp">
      <Filter>Source Files</Filter>
    </ClCompile>
    <ClCompile Include="Scripts\Components\HammerBehaviour.cpp">
      <Filter>Source Files</Filter>
    </ClCompile>
    <ClCompile Include="Scripts\GameObjects\UI\Level1Map.cpp">
      <Filter>Source Files</Filter>
    </ClCompile>
    <ClCompile Include="Scripts\Managers\ScoreManager.cpp">
      <Filter>Source Files</Filter>
    </ClCompile>
    <ClCompile Include="Scripts\GameObjects\UI\Level1UI.cpp">
      <Filter>Source Files</Filter>
    </ClCompile>
    <ClCompile Include="Scripts\Components\BarrelHandler.cpp">
      <Filter>Source Files</Filter>
    </ClCompile>
    <ClCompile Include="Scripts\Components\FrameComponents\BarrelBehaviour.cpp">
      <Filter>Source Files</Filter>
    </ClCompile>
    <ClCompile Include="Scripts\Components\FrameComponents\KBehaviour.cpp">
      <Filter>Source Files</Filter>
    </ClCompile>
    <ClCompile Include="Scripts\Components\FrameComponents\PBehaviour.cpp">
      <Filter>Source Files</Filter>
    </ClCompile>
    <ClCompile Include="Scripts\Components\KHandler.cpp">
      <Filter>Source Files</Filter>
    </ClCompile>
    <ClCompile Include="Scripts\Components\PHandler.cpp">
      <Filter>Source Files</Filter>
    </ClCompile>
    <ClCompile Include="Scripts\GameObjects\Poolables\Barrel.cpp">
      <Filter>Source Files</Filter>
    </ClCompile>
    <ClCompile Include="Scripts\GameObjects\Poolables\Kong.cpp">
      <Filter>Source Files</Filter>
    </ClCompile>
    <ClCompile Include="Scripts\GameObjects\Poolables\Princess.cpp">
      <Filter>Source Files</Filter>
    </ClCompile>
    <ClCompile Include="Scripts\GameObjects\Poolables\OilCan.cpp">
      <Filter>Source Files</Filter>
    </ClCompile>
    <ClCompile Include="Scripts\Components\FrameComponents\CBehaviour.cpp">
      <Filter>Source Files</Filter>
    </ClCompile>
    <ClCompile Include="Scripts\Components\CHandler.cpp">
      <Filter>Source Files</Filter>
    </ClCompile>
  </ItemGroup>
  <ItemGroup>
    <ClInclude Include="Scripts\Components\FrameComponents\FrameSwticher.hpp">
      <Filter>Header Files</Filter>
    </ClInclude>
    <ClInclude Include="Scripts\Components\AComponent.hpp">
      <Filter>Header Files</Filter>
    </ClInclude>
    <ClInclude Include="Scripts\Components\AirplaneSupportMovement.hpp">
      <Filter>Header Files</Filter>
    </ClInclude>
    <ClInclude Include="Scripts\Components\BGMovement.hpp">
      <Filter>Header Files</Filter>
    </ClInclude>
    <ClInclude Include="Scripts\Components\Collider.hpp">
      <Filter>Header Files</Filter>
    </ClInclude>
    <ClInclude Include="Scripts\Components\EnemyBehaviour.hpp">
      <Filter>Header Files</Filter>
    </ClInclude>
    <ClInclude Include="Scripts\Components\EnemySwarmHandler.hpp">
      <Filter>Header Files</Filter>
    </ClInclude>
    <ClInclude Include="Scripts\Components\PlayerMovement.hpp">
      <Filter>Header Files</Filter>
    </ClInclude>
    <ClInclude Include="Scripts\Components\ProjectileMovement.hpp">
      <Filter>Header Files</Filter>
    </ClInclude>
    <ClInclude Include="Scripts\GameObjects\Frames\SpriteFrame.hpp">
      <Filter>Header Files</Filter>
    </ClInclude>
    <ClInclude Include="Scripts\GameObjects\Listeners\ButtonListener.hpp">
      <Filter>Header Files</Filter>
    </ClInclude>
    <ClInclude Include="Scripts\GameObjects\Listeners\CollisionListener.hpp">
      <Filter>Header Files</Filter>
    </ClInclude>
    <ClInclude Include="Scripts\GameObjects\Poolables\EnemyAirplane.hpp">
      <Filter>Header Files</Filter>
    </ClInclude>
    <ClInclude Include="Scripts\GameObjects\Poolables\GameObjectPool.hpp">
      <Filter>Header Files</Filter>
    </ClInclude>
    <ClInclude Include="Scripts\GameObjects\Poolables\ProjectileObject.hpp">
      <Filter>Header Files</Filter>
    </ClInclude>
    <ClInclude Include="Scripts\GameObjects\Scenes\AScene.hpp">
      <Filter>Header Files</Filter>
    </ClInclude>
    <ClInclude Include="Scripts\GameObjects\Scenes\GameScene.hpp">
      <Filter>Header Files</Filter>
    </ClInclude>
    <ClInclude Include="Scripts\GameObjects\Scenes\MainMenuScene.hpp">
      <Filter>Header Files</Filter>
    </ClInclude>
    <ClInclude Include="Scripts\GameObjects\Scenes\SpriteScene.hpp">
      <Filter>Header Files</Filter>
    </ClInclude>
    <ClInclude Include="Scripts\GameObjects\UI\GameScreen.hpp">
      <Filter>Header Files</Filter>
    </ClInclude>
    <ClInclude Include="Scripts\GameObjects\UI\MainMenuScreen.hpp">
      <Filter>Header Files</Filter>
    </ClInclude>
    <ClInclude Include="Scripts\GameObjects\UI\MenuBar.hpp">
      <Filter>Header Files</Filter>
    </ClInclude>
    <ClInclude Include="Scripts\GameObjects\UI\QuitScreen.hpp">
      <Filter>Header Files</Filter>
    </ClInclude>
    <ClInclude Include="Scripts\GameObjects\UI\ReturnScreen.hpp">
      <Filter>Header Files</Filter>
    </ClInclude>
    <ClInclude Include="Scripts\GameObjects\UI\UIButton.hpp">
      <Filter>Header Files</Filter>
    </ClInclude>
    <ClInclude Include="Scripts\GameObjects\UI\UIText.hpp">
      <Filter>Header Files</Filter>
    </ClInclude>
    <ClInclude Include="Scripts\GameObjects\AGameObject.hpp">
      <Filter>Header Files</Filter>
    </ClInclude>
    <ClInclude Include="Scripts\GameObjects\AirplanePlayer.hpp">
      <Filter>Header Files</Filter>
    </ClInclude>
    <ClInclude Include="Scripts\GameObjects\AirplaneSupport.hpp">
      <Filter>Header Files</Filter>
    </ClInclude>
    <ClInclude Include="Scripts\GameObjects\APoolable.hpp">
      <Filter>Header Files</Filter>
    </ClInclude>
    <ClInclude Include="Scripts\GameObjects\BGameObject.hpp">
      <Filter>Header Files</Filter>
    </ClInclude>
    <ClInclude Include="Scripts\GameObjects\EGameObject.hpp">
      <Filter>Header Files</Filter>
    </ClInclude>
    <ClInclude Include="Scripts\GameObjects\Entity.hpp">
      <Filter>Header Files</Filter>
    </ClInclude>
    <ClInclude Include="Scripts\GameObjects\Playlist.hpp">
      <Filter>Header Files</Filter>
    </ClInclude>
    <ClInclude Include="Scripts\GameObjects\Text.hpp">
      <Filter>Header Files</Filter>
    </ClInclude>
    <ClInclude Include="Scripts\Inputs\BGInput.hpp">
      <Filter>Header Files</Filter>
    </ClInclude>
    <ClInclude Include="Scripts\Inputs\FrameInput.hpp">
      <Filter>Header Files</Filter>
    </ClInclude>
    <ClInclude Include="Scripts\Inputs\GenericInput.hpp">
      <Filter>Header Files</Filter>
    </ClInclude>
    <ClInclude Include="Scripts\Inputs\PlayerInput.hpp">
      <Filter>Header Files</Filter>
    </ClInclude>
    <ClInclude Include="Scripts\Inputs\UIButtonInput.hpp">
      <Filter>Header Files</Filter>
    </ClInclude>
    <ClInclude Include="Scripts\Managers\ApplicationManager.hpp">
      <Filter>Header Files</Filter>
    </ClInclude>
    <ClInclude Include="Scripts\Managers\FontManager.hpp">
      <Filter>Header Files</Filter>
    </ClInclude>
    <ClInclude Include="Scripts\Managers\GameObjectManager.hpp">
      <Filter>Header Files</Filter>
    </ClInclude>
    <ClInclude Include="Scripts\Managers\ObjectPoolHolder.hpp">
      <Filter>Header Files</Filter>
    </ClInclude>
    <ClInclude Include="Scripts\Managers\PhysicsManager.hpp">
      <Filter>Header Files</Filter>
    </ClInclude>
    <ClInclude Include="Scripts\Managers\SceneManager.hpp">
      <Filter>Header Files</Filter>
    </ClInclude>
    <ClInclude Include="Scripts\Managers\SFXManager.hpp">
      <Filter>Header Files</Filter>
    </ClInclude>
    <ClInclude Include="Scripts\Managers\TextureManager.hpp">
      <Filter>Header Files</Filter>
    </ClInclude>
    <ClInclude Include="Scripts\Renderer\Renderer.hpp">
      <Filter>Header Files</Filter>
    </ClInclude>
    <ClInclude Include="Scripts\Game.hpp">
      <Filter>Header Files</Filter>
    </ClInclude>
    <ClInclude Include="Scripts\GameObjects\Player.hpp">
      <Filter>Header Files</Filter>
    </ClInclude>
    <ClInclude Include="Scripts\GameObjects\Scenes\JScene.hpp">
      <Filter>Header Files</Filter>
    </ClInclude>
    <ClInclude Include="Scripts\Inputs\MCOPlayerInput.hpp">
      <Filter>Header Files</Filter>
    </ClInclude>
    <ClInclude Include="Scripts\Components\MCOPlayerMovement.hpp">
      <Filter>Header Files</Filter>
    </ClInclude>
    <ClInclude Include="Scripts\GameObjects\Poolables\Ladder.hpp">
      <Filter>Header Files</Filter>
    </ClInclude>
    <ClInclude Include="Scripts\Components\LadderHandler.hpp">
      <Filter>Header Files</Filter>
    </ClInclude>
    <ClInclude Include="Scripts\GameObjects\Poolables\Hammer.hpp">
      <Filter>Header Files</Filter>
    </ClInclude>
    <ClInclude Include="Scripts\Components\HammerHandler.hpp">
      <Filter>Header Files</Filter>
    </ClInclude>
    <ClInclude Include="Scripts\Components\FrameComponents\WalkBehaviour.hpp">
      <Filter>Header Files</Filter>
    </ClInclude>
    <ClInclude Include="Scripts\Components\FrameComponents\LadderBehaviour.hpp">
      <Filter>Header Files</Filter>
    </ClInclude>
    <ClInclude Include="Scripts\Components\HammerBehaviour.hpp">
      <Filter>Header Files</Filter>
    </ClInclude>
    <ClInclude Include="Scripts\GameObjects\UI\Level1Map.hpp">
      <Filter>Header Files</Filter>
    </ClInclude>
    <ClInclude Include="Scripts\Managers\ScoreManager.hpp">
      <Filter>Header Files</Filter>
    </ClInclude>
    <ClInclude Include="Scripts\GameObjects\UI\Level1UI.hpp">
      <Filter>Header Files</Filter>
    </ClInclude>
    <ClInclude Include="Scripts\Components\BarrelHandler.hpp">
      <Filter>Header Files</Filter>
    </ClInclude>
    <ClInclude Include="Scripts\Components\FrameComponents\BarrelBehaviour.hpp">
      <Filter>Header Files</Filter>
    </ClInclude>
    <ClInclude Include="Scripts\Components\FrameComponents\KBehaviour.hpp">
      <Filter>Header Files</Filter>
    </ClInclude>
    <ClInclude Include="Scripts\Components\FrameComponents\PBehaviour.hpp">
      <Filter>Header Files</Filter>
    </ClInclude>
    <ClInclude Include="Scripts\Components\KHandler.hpp">
      <Filter>Header Files</Filter>
    </ClInclude>
    <ClInclude Include="Scripts\Components\PHandler.hpp">
      <Filter>Header Files</Filter>
    </ClInclude>
    <ClInclude Include="Scripts\GameObjects\Poolables\Barrel.hpp">
      <Filter>Header Files</Filter>
    </ClInclude>
    <ClInclude Include="Scripts\GameObjects\Poolables\Kong.hpp">
      <Filter>Header Files</Filter>
    </ClInclude>
    <ClInclude Include="Scripts\GameObjects\Poolables\Princess.hpp">
      <Filter>Header Files</Filter>
    </ClInclude>
    <ClInclude Include="Scripts\GameObjects\Poolables\OilCan.hpp">
      <Filter>Header Files</Filter>
    </ClInclude>
    <ClInclude Include="Scripts\Components\FrameComponents\CBehaviour.hpp">
      <Filter>Header Files</Filter>
    </ClInclude>
    <ClInclude Include="Scripts\Components\CHandler.hpp">
      <Filter>Header Files</Filter>
    </ClInclude>
  </ItemGroup>
</Project>